
Microsoft Visual Studio Solution File, Format Version 12.00
# Visual Studio Version 17
VisualStudioVersion = 17.13.35825.156
MinimumVisualStudioVersion = 10.0.40219.1
Project("{FAE04EC0-301F-11D3-BF4B-00C04F79EFBC}") = "01.HelloWorld", "01.HelloWorld\01.HelloWorld.csproj", "{912CAA8A-2B25-44E0-B990-D200EFDCE6F8}"
EndProject
Project("{FAE04EC0-301F-11D3-BF4B-00C04F79EFBC}") = "02.Day2", "02.Day2\02.Day2.csproj", "{AD542962-8EC3-452C-81E4-2A824321A617}"
EndProject
Project("{FAE04EC0-301F-11D3-BF4B-00C04F79EFBC}") = "02.Day2Task", "Day2Task\02.Day2Task.csproj", "{48245F99-72CD-4A9C-B761-39D2D7DA6EE4}"
EndProject
Project("{FAE04EC0-301F-11D3-BF4B-00C04F79EFBC}") = "00.test", "test\00.test.csproj", "{019311DC-271B-49EA-ADEE-A0C967F3AB08}"
EndProject
Project("{FAE04EC0-301F-11D3-BF4B-00C04F79EFBC}") = "03.Day3", "03.Day3\03.Day3.csproj", "{0DDA4991-4E3C-432B-A869-464D46285D8E}"
EndProject
Project("{FAE04EC0-301F-11D3-BF4B-00C04F79EFBC}") = "04.Day4", "04.Day4\04.Day4.csproj", "{52448117-524B-4A89-9751-1EF59C4577D6}"
EndProject
Project("{FAE04EC0-301F-11D3-BF4B-00C04F79EFBC}") = "05.day5", "05.day5\05.day5.csproj", "{7CD86D3C-9C94-4F59-AE11-6647B3C12727}"
EndProject
Project("{FAE04EC0-301F-11D3-BF4B-00C04F79EFBC}") = "06.Day6", "06.Day6\06.Day6.csproj", "{754D407B-E802-4589-9E40-2C7247193144}"
EndProject
Project("{FAE04EC0-301F-11D3-BF4B-00C04F79EFBC}") = "06.Day6_Projact_S", "06.Day6_Projact_S\06.Day6_Projact_S.csproj", "{B64E87E5-C54E-471D-A74E-A321B53E93C9}"
EndProject
Project("{FAE04EC0-301F-11D3-BF4B-00C04F79EFBC}") = "07.Project_C", "07.Project_C\07.Project_C.csproj", "{735730C7-BE2C-4309-B28B-139743632025}"
EndProject
Project("{FAE04EC0-301F-11D3-BF4B-00C04F79EFBC}") = "07.ProjectTask", "07.ProjectTask\07.ProjectTask.csproj", "{9662B263-87A0-4226-AE2A-202AFC30544E}"
EndProject
Project("{FAE04EC0-301F-11D3-BF4B-00C04F79EFBC}") = "08.Day8_git_test", "08.Day8_git_test\08.Day8_git_test.csproj", "{4D87C09E-C095-4A9C-9559-582CECBD5944}"
EndProject
Project("{FAE04EC0-301F-11D3-BF4B-00C04F79EFBC}") = "09.Day9_C#Test", "09.Day9_C#Test\09.Day9_C#Test.csproj", "{199B1FD9-638E-44F3-90AA-010E81927377}"
EndProject
Project("{FAE04EC0-301F-11D3-BF4B-00C04F79EFBC}") = "10.Day10", "10.Day10\10.Day10.csproj", "{D6B1059C-9CC5-461C-A621-FBFCA10EBE6E}"
EndProject
Project("{FAE04EC0-301F-11D3-BF4B-00C04F79EFBC}") = "10.Day10Task", "10.Day10Task\10.Day10Task.csproj", "{2FD90C8F-08B8-4691-A6B6-64529238522B}"
EndProject
Project("{FAE04EC0-301F-11D3-BF4B-00C04F79EFBC}") = "11.Day11", "11.Day11\11.Day11.csproj", "{B4265905-465D-4955-A0C7-5C348542C34E}"
EndProject
Project("{FAE04EC0-301F-11D3-BF4B-00C04F79EFBC}") = "11.Day11Task", "11.Day11Task\11.Day11Task.csproj", "{04529AE0-0DAC-4D50-A815-305F0C4DC94B}"
EndProject
Project("{FAE04EC0-301F-11D3-BF4B-00C04F79EFBC}") = "12.Day12", "12.Day12\12.Day12.csproj", "{BE8425BF-1E2C-4BBD-BF13-B561A38ED6B3}"
EndProject
Project("{FAE04EC0-301F-11D3-BF4B-00C04F79EFBC}") = "13.Day13_Event", "13.Day13_Event\13.Day13_Event.csproj", "{CA2A7B36-F16D-549C-1F71-5C49A18B8676}"
EndProject
Project("{FAE04EC0-301F-11D3-BF4B-00C04F79EFBC}") = "TextGame_ThreeKingdom", "TextGame_ThreeKingdom\TextGame_ThreeKingdom.csproj", "{AAA245BE-9784-4535-9720-7E511A5961C4}"
EndProject
Project("{FAE04EC0-301F-11D3-BF4B-00C04F79EFBC}") = "14.Day14_JosephusProblem", "14.Day14_JosephusProblem\14.Day14_JosephusProblem.csproj", "{6A5FBC0F-08AD-4BA5-8D8F-5D5320949F17}"
EndProject
Project("{FAE04EC0-301F-11D3-BF4B-00C04F79EFBC}") = "14.Day14_BracketChecker", "14.Day14_BracketChecker\14.Day14_BracketChecker.csproj", "{F009BD81-B471-4D6A-ABB3-6BD3083FDDB1}"
EndProject
Global
	GlobalSection(SolutionConfigurationPlatforms) = preSolution
		Debug|Any CPU = Debug|Any CPU
		Release|Any CPU = Release|Any CPU
	EndGlobalSection
	GlobalSection(ProjectConfigurationPlatforms) = postSolution
		{912CAA8A-2B25-44E0-B990-D200EFDCE6F8}.Debug|Any CPU.ActiveCfg = Debug|Any CPU
		{912CAA8A-2B25-44E0-B990-D200EFDCE6F8}.Debug|Any CPU.Build.0 = Debug|Any CPU
		{912CAA8A-2B25-44E0-B990-D200EFDCE6F8}.Release|Any CPU.ActiveCfg = Release|Any CPU
		{912CAA8A-2B25-44E0-B990-D200EFDCE6F8}.Release|Any CPU.Build.0 = Release|Any CPU
		{AD542962-8EC3-452C-81E4-2A824321A617}.Debug|Any CPU.ActiveCfg = Debug|Any CPU
		{AD542962-8EC3-452C-81E4-2A824321A617}.Debug|Any CPU.Build.0 = Debug|Any CPU
		{AD542962-8EC3-452C-81E4-2A824321A617}.Release|Any CPU.ActiveCfg = Release|Any CPU
		{AD542962-8EC3-452C-81E4-2A824321A617}.Release|Any CPU.Build.0 = Release|Any CPU
		{48245F99-72CD-4A9C-B761-39D2D7DA6EE4}.Debug|Any CPU.ActiveCfg = Debug|Any CPU
		{48245F99-72CD-4A9C-B761-39D2D7DA6EE4}.Debug|Any CPU.Build.0 = Debug|Any CPU
		{48245F99-72CD-4A9C-B761-39D2D7DA6EE4}.Release|Any CPU.ActiveCfg = Release|Any CPU
		{48245F99-72CD-4A9C-B761-39D2D7DA6EE4}.Release|Any CPU.Build.0 = Release|Any CPU
		{019311DC-271B-49EA-ADEE-A0C967F3AB08}.Debug|Any CPU.ActiveCfg = Debug|Any CPU
		{019311DC-271B-49EA-ADEE-A0C967F3AB08}.Debug|Any CPU.Build.0 = Debug|Any CPU
		{019311DC-271B-49EA-ADEE-A0C967F3AB08}.Release|Any CPU.ActiveCfg = Release|Any CPU
		{019311DC-271B-49EA-ADEE-A0C967F3AB08}.Release|Any CPU.Build.0 = Release|Any CPU
		{0DDA4991-4E3C-432B-A869-464D46285D8E}.Debug|Any CPU.ActiveCfg = Debug|Any CPU
		{0DDA4991-4E3C-432B-A869-464D46285D8E}.Debug|Any CPU.Build.0 = Debug|Any CPU
		{0DDA4991-4E3C-432B-A869-464D46285D8E}.Release|Any CPU.ActiveCfg = Release|Any CPU
		{0DDA4991-4E3C-432B-A869-464D46285D8E}.Release|Any CPU.Build.0 = Release|Any CPU
		{52448117-524B-4A89-9751-1EF59C4577D6}.Debug|Any CPU.ActiveCfg = Debug|Any CPU
		{52448117-524B-4A89-9751-1EF59C4577D6}.Debug|Any CPU.Build.0 = Debug|Any CPU
		{52448117-524B-4A89-9751-1EF59C4577D6}.Release|Any CPU.ActiveCfg = Release|Any CPU
		{52448117-524B-4A89-9751-1EF59C4577D6}.Release|Any CPU.Build.0 = Release|Any CPU
		{7CD86D3C-9C94-4F59-AE11-6647B3C12727}.Debug|Any CPU.ActiveCfg = Debug|Any CPU
		{7CD86D3C-9C94-4F59-AE11-6647B3C12727}.Debug|Any CPU.Build.0 = Debug|Any CPU
		{7CD86D3C-9C94-4F59-AE11-6647B3C12727}.Release|Any CPU.ActiveCfg = Release|Any CPU
		{7CD86D3C-9C94-4F59-AE11-6647B3C12727}.Release|Any CPU.Build.0 = Release|Any CPU
		{754D407B-E802-4589-9E40-2C7247193144}.Debug|Any CPU.ActiveCfg = Debug|Any CPU
		{754D407B-E802-4589-9E40-2C7247193144}.Debug|Any CPU.Build.0 = Debug|Any CPU
		{754D407B-E802-4589-9E40-2C7247193144}.Release|Any CPU.ActiveCfg = Release|Any CPU
		{754D407B-E802-4589-9E40-2C7247193144}.Release|Any CPU.Build.0 = Release|Any CPU
		{B64E87E5-C54E-471D-A74E-A321B53E93C9}.Debug|Any CPU.ActiveCfg = Debug|Any CPU
		{B64E87E5-C54E-471D-A74E-A321B53E93C9}.Debug|Any CPU.Build.0 = Debug|Any CPU
		{B64E87E5-C54E-471D-A74E-A321B53E93C9}.Release|Any CPU.ActiveCfg = Release|Any CPU
		{B64E87E5-C54E-471D-A74E-A321B53E93C9}.Release|Any CPU.Build.0 = Release|Any CPU
		{735730C7-BE2C-4309-B28B-139743632025}.Debug|Any CPU.ActiveCfg = Debug|Any CPU
		{735730C7-BE2C-4309-B28B-139743632025}.Debug|Any CPU.Build.0 = Debug|Any CPU
		{735730C7-BE2C-4309-B28B-139743632025}.Release|Any CPU.ActiveCfg = Release|Any CPU
		{735730C7-BE2C-4309-B28B-139743632025}.Release|Any CPU.Build.0 = Release|Any CPU
		{9662B263-87A0-4226-AE2A-202AFC30544E}.Debug|Any CPU.ActiveCfg = Debug|Any CPU
		{9662B263-87A0-4226-AE2A-202AFC30544E}.Debug|Any CPU.Build.0 = Debug|Any CPU
		{9662B263-87A0-4226-AE2A-202AFC30544E}.Release|Any CPU.ActiveCfg = Release|Any CPU
		{9662B263-87A0-4226-AE2A-202AFC30544E}.Release|Any CPU.Build.0 = Release|Any CPU
		{4D87C09E-C095-4A9C-9559-582CECBD5944}.Debug|Any CPU.ActiveCfg = Debug|Any CPU
		{4D87C09E-C095-4A9C-9559-582CECBD5944}.Debug|Any CPU.Build.0 = Debug|Any CPU
		{4D87C09E-C095-4A9C-9559-582CECBD5944}.Release|Any CPU.ActiveCfg = Release|Any CPU
		{4D87C09E-C095-4A9C-9559-582CECBD5944}.Release|Any CPU.Build.0 = Release|Any CPU
		{199B1FD9-638E-44F3-90AA-010E81927377}.Debug|Any CPU.ActiveCfg = Debug|Any CPU
		{199B1FD9-638E-44F3-90AA-010E81927377}.Debug|Any CPU.Build.0 = Debug|Any CPU
		{199B1FD9-638E-44F3-90AA-010E81927377}.Release|Any CPU.ActiveCfg = Release|Any CPU
		{199B1FD9-638E-44F3-90AA-010E81927377}.Release|Any CPU.Build.0 = Release|Any CPU
		{D6B1059C-9CC5-461C-A621-FBFCA10EBE6E}.Debug|Any CPU.ActiveCfg = Debug|Any CPU
		{D6B1059C-9CC5-461C-A621-FBFCA10EBE6E}.Debug|Any CPU.Build.0 = Debug|Any CPU
		{D6B1059C-9CC5-461C-A621-FBFCA10EBE6E}.Release|Any CPU.ActiveCfg = Release|Any CPU
		{D6B1059C-9CC5-461C-A621-FBFCA10EBE6E}.Release|Any CPU.Build.0 = Release|Any CPU
		{2FD90C8F-08B8-4691-A6B6-64529238522B}.Debug|Any CPU.ActiveCfg = Debug|Any CPU
		{2FD90C8F-08B8-4691-A6B6-64529238522B}.Debug|Any CPU.Build.0 = Debug|Any CPU
		{2FD90C8F-08B8-4691-A6B6-64529238522B}.Release|Any CPU.ActiveCfg = Release|Any CPU
		{2FD90C8F-08B8-4691-A6B6-64529238522B}.Release|Any CPU.Build.0 = Release|Any CPU
		{B4265905-465D-4955-A0C7-5C348542C34E}.Debug|Any CPU.ActiveCfg = Debug|Any CPU
		{B4265905-465D-4955-A0C7-5C348542C34E}.Debug|Any CPU.Build.0 = Debug|Any CPU
		{B4265905-465D-4955-A0C7-5C348542C34E}.Release|Any CPU.ActiveCfg = Release|Any CPU
		{B4265905-465D-4955-A0C7-5C348542C34E}.Release|Any CPU.Build.0 = Release|Any CPU
		{04529AE0-0DAC-4D50-A815-305F0C4DC94B}.Debug|Any CPU.ActiveCfg = Debug|Any CPU
		{04529AE0-0DAC-4D50-A815-305F0C4DC94B}.Debug|Any CPU.Build.0 = Debug|Any CPU
		{04529AE0-0DAC-4D50-A815-305F0C4DC94B}.Release|Any CPU.ActiveCfg = Release|Any CPU
		{04529AE0-0DAC-4D50-A815-305F0C4DC94B}.Release|Any CPU.Build.0 = Release|Any CPU
		{BE8425BF-1E2C-4BBD-BF13-B561A38ED6B3}.Debug|Any CPU.ActiveCfg = Debug|Any CPU
		{BE8425BF-1E2C-4BBD-BF13-B561A38ED6B3}.Debug|Any CPU.Build.0 = Debug|Any CPU
		{BE8425BF-1E2C-4BBD-BF13-B561A38ED6B3}.Release|Any CPU.ActiveCfg = Release|Any CPU
		{BE8425BF-1E2C-4BBD-BF13-B561A38ED6B3}.Release|Any CPU.Build.0 = Release|Any CPU
		{CA2A7B36-F16D-549C-1F71-5C49A18B8676}.Debug|Any CPU.ActiveCfg = Debug|Any CPU
		{CA2A7B36-F16D-549C-1F71-5C49A18B8676}.Debug|Any CPU.Build.0 = Debug|Any CPU
		{CA2A7B36-F16D-549C-1F71-5C49A18B8676}.Release|Any CPU.ActiveCfg = Release|Any CPU
		{CA2A7B36-F16D-549C-1F71-5C49A18B8676}.Release|Any CPU.Build.0 = Release|Any CPU
		{AAA245BE-9784-4535-9720-7E511A5961C4}.Debug|Any CPU.ActiveCfg = Debug|Any CPU
		{AAA245BE-9784-4535-9720-7E511A5961C4}.Debug|Any CPU.Build.0 = Debug|Any CPU
		{AAA245BE-9784-4535-9720-7E511A5961C4}.Release|Any CPU.ActiveCfg = Release|Any CPU
		{AAA245BE-9784-4535-9720-7E511A5961C4}.Release|Any CPU.Build.0 = Release|Any CPU
		{6A5FBC0F-08AD-4BA5-8D8F-5D5320949F17}.Debug|Any CPU.ActiveCfg = Debug|Any CPU
		{6A5FBC0F-08AD-4BA5-8D8F-5D5320949F17}.Debug|Any CPU.Build.0 = Debug|Any CPU
		{6A5FBC0F-08AD-4BA5-8D8F-5D5320949F17}.Release|Any CPU.ActiveCfg = Release|Any CPU
		{6A5FBC0F-08AD-4BA5-8D8F-5D5320949F17}.Release|Any CPU.Build.0 = Release|Any CPU
		{F009BD81-B471-4D6A-ABB3-6BD3083FDDB1}.Debug|Any CPU.ActiveCfg = Debug|Any CPU
		{F009BD81-B471-4D6A-ABB3-6BD3083FDDB1}.Debug|Any CPU.Build.0 = Debug|Any CPU
		{F009BD81-B471-4D6A-ABB3-6BD3083FDDB1}.Release|Any CPU.ActiveCfg = Release|Any CPU
		{F009BD81-B471-4D6A-ABB3-6BD3083FDDB1}.Release|Any CPU.Build.0 = Release|Any CPU
	EndGlobalSection
	GlobalSection(SolutionProperties) = preSolution
		HideSolutionNode = FALSE
	EndGlobalSection
	GlobalSection(ExtensibilityGlobals) = postSolution
		SolutionGuid = {B5F744E6-9C7D-4616-9E6C-7BD33497D98A}
	EndGlobalSection
EndGlobal
