
Microsoft Visual Studio Solution File, Format Version 12.00
# Visual Studio Version 17
VisualStudioVersion = 17.13.35825.156 d17.13
MinimumVisualStudioVersion = 10.0.40219.1
Project("{FAE04EC0-301F-11D3-BF4B-00C04F79EFBC}") = "01.HelloWorld", "01.HelloWorld\01.HelloWorld.csproj", "{912CAA8A-2B25-44E0-B990-D200EFDCE6F8}"
EndProject
Global
	GlobalSection(SolutionConfigurationPlatforms) = preSolution
		Debug|Any CPU = Debug|Any CPU
		Release|Any CPU = Release|Any CPU
	EndGlobalSection
	GlobalSection(ProjectConfigurationPlatforms) = postSolution
		{912CAA8A-2B25-44E0-B990-D200EFDCE6F8}.Debug|Any CPU.ActiveCfg = Debug|Any CPU
		{912CAA8A-2B25-44E0-B990-D200EFDCE6F8}.Debug|Any CPU.Build.0 = Debug|Any CPU
		{912CAA8A-2B25-44E0-B990-D200EFDCE6F8}.Release|Any CPU.ActiveCfg = Release|Any CPU
		{912CAA8A-2B25-44E0-B990-D200EFDCE6F8}.Release|Any CPU.Build.0 = Release|Any CPU
	EndGlobalSection
	GlobalSection(SolutionProperties) = preSolution
		HideSolutionNode = FALSE
	EndGlobalSection
	GlobalSection(ExtensibilityGlobals) = postSolution
		SolutionGuid = {B5F744E6-9C7D-4616-9E6C-7BD33497D98A}
	EndGlobalSection
EndGlobal
